
Microsoft Visual Studio Solution File, Format Version 12.00
# Visual Studio Version 17
VisualStudioVersion = 17.10.35013.160
MinimumVisualStudioVersion = 10.0.40219.1
Project("{FAE04EC0-301F-11D3-BF4B-00C04F79EFBC}") = "DLLCheckMail", "DLL.CheckMail\DLLCheckMail.csproj", "{A7D6ABE4-A65C-4ACE-884E-FEAA6B5697D8}"
EndProject
Global
	GlobalSection(SolutionConfigurationPlatforms) = preSolution
		Debug|Any CPU = Debug|Any CPU
		Release|Any CPU = Release|Any CPU
	EndGlobalSection
	GlobalSection(ProjectConfigurationPlatforms) = postSolution
		{A7D6ABE4-A65C-4ACE-884E-FEAA6B5697D8}.Debug|Any CPU.ActiveCfg = Debug|Any CPU
		{A7D6ABE4-A65C-4ACE-884E-FEAA6B5697D8}.Debug|Any CPU.Build.0 = Debug|Any CPU
		{A7D6ABE4-A65C-4ACE-884E-FEAA6B5697D8}.Release|Any CPU.ActiveCfg = Release|Any CPU
		{A7D6ABE4-A65C-4ACE-884E-FEAA6B5697D8}.Release|Any CPU.Build.0 = Release|Any CPU
	EndGlobalSection
	GlobalSection(SolutionProperties) = preSolution
		HideSolutionNode = FALSE
	EndGlobalSection
	GlobalSection(ExtensibilityGlobals) = postSolution
		SolutionGuid = {E7D1B3D1-C122-4CF5-896F-E89019C988BF}
	EndGlobalSection
EndGlobal
